
Microsoft Visual Studio Solution File, Format Version 12.00
# Visual Studio 15
VisualStudioVersion = 15.0.27703.2035
MinimumVisualStudioVersion = 10.0.40219.1
Project("{FAE04EC0-301F-11D3-BF4B-00C04F79EFBC}") = "07.Fiap.Web.MVC", "07.Fiap.Web.MVC\07.Fiap.Web.MVC.csproj", "{B41015E5-A709-41E7-9FAA-5076CDADC80F}"
EndProject
Global
	GlobalSection(SolutionConfigurationPlatforms) = preSolution
		Debug|Any CPU = Debug|Any CPU
		Release|Any CPU = Release|Any CPU
	EndGlobalSection
	GlobalSection(ProjectConfigurationPlatforms) = postSolution
		{B41015E5-A709-41E7-9FAA-5076CDADC80F}.Debug|Any CPU.ActiveCfg = Debug|Any CPU
		{B41015E5-A709-41E7-9FAA-5076CDADC80F}.Debug|Any CPU.Build.0 = Debug|Any CPU
		{B41015E5-A709-41E7-9FAA-5076CDADC80F}.Release|Any CPU.ActiveCfg = Release|Any CPU
		{B41015E5-A709-41E7-9FAA-5076CDADC80F}.Release|Any CPU.Build.0 = Release|Any CPU
	EndGlobalSection
	GlobalSection(SolutionProperties) = preSolution
		HideSolutionNode = FALSE
	EndGlobalSection
	GlobalSection(ExtensibilityGlobals) = postSolution
		SolutionGuid = {111EE569-BE57-404B-8309-13EF98CE213A}
	EndGlobalSection
EndGlobal
