
Microsoft Visual Studio Solution File, Format Version 12.00
# Visual Studio 15
VisualStudioVersion = 15.0.27703.2035
MinimumVisualStudioVersion = 10.0.40219.1
Project("{FAE04EC0-301F-11D3-BF4B-00C04F79EFBC}") = "06.Fiap.Web.MVC", "06.Fiap.Web.MVC\06.Fiap.Web.MVC.csproj", "{B1C0BF26-0C51-46F2-9B23-CE988F511CA8}"
EndProject
Global
	GlobalSection(SolutionConfigurationPlatforms) = preSolution
		Debug|Any CPU = Debug|Any CPU
		Release|Any CPU = Release|Any CPU
	EndGlobalSection
	GlobalSection(ProjectConfigurationPlatforms) = postSolution
		{B1C0BF26-0C51-46F2-9B23-CE988F511CA8}.Debug|Any CPU.ActiveCfg = Debug|Any CPU
		{B1C0BF26-0C51-46F2-9B23-CE988F511CA8}.Debug|Any CPU.Build.0 = Debug|Any CPU
		{B1C0BF26-0C51-46F2-9B23-CE988F511CA8}.Release|Any CPU.ActiveCfg = Release|Any CPU
		{B1C0BF26-0C51-46F2-9B23-CE988F511CA8}.Release|Any CPU.Build.0 = Release|Any CPU
	EndGlobalSection
	GlobalSection(SolutionProperties) = preSolution
		HideSolutionNode = FALSE
	EndGlobalSection
	GlobalSection(ExtensibilityGlobals) = postSolution
		SolutionGuid = {4DD1781B-6634-4E4B-BC78-7888819F60BE}
	EndGlobalSection
EndGlobal
